
Microsoft Visual Studio Solution File, Format Version 12.00
# Visual Studio Version 18
VisualStudioVersion = 18.3.11222.16 d18.3
MinimumVisualStudioVersion = 10.0.40219.1
Project("{FAE04EC0-301F-11D3-BF4B-00C04F79EFBC}") = "HotelApplication", "HotelApplication\HotelApplication.csproj", "{D0F8E851-0BBC-4C45-BD57-E232A1FD89E1}"
EndProject
Global
	GlobalSection(SolutionConfigurationPlatforms) = preSolution
		Debug|Any CPU = Debug|Any CPU
		Release|Any CPU = Release|Any CPU
	EndGlobalSection
	GlobalSection(ProjectConfigurationPlatforms) = postSolution
		{D0F8E851-0BBC-4C45-BD57-E232A1FD89E1}.Debug|Any CPU.ActiveCfg = Debug|Any CPU
		{D0F8E851-0BBC-4C45-BD57-E232A1FD89E1}.Debug|Any CPU.Build.0 = Debug|Any CPU
		{D0F8E851-0BBC-4C45-BD57-E232A1FD89E1}.Release|Any CPU.ActiveCfg = Release|Any CPU
		{D0F8E851-0BBC-4C45-BD57-E232A1FD89E1}.Release|Any CPU.Build.0 = Release|Any CPU
	EndGlobalSection
	GlobalSection(SolutionProperties) = preSolution
		HideSolutionNode = FALSE
	EndGlobalSection
	GlobalSection(ExtensibilityGlobals) = postSolution
		SolutionGuid = {F305123B-EA86-4AEE-8B9B-72A7A9B61D35}
	EndGlobalSection
EndGlobal
